
Microsoft Visual Studio Solution File, Format Version 12.00
# Visual Studio 15
VisualStudioVersion = 15.0.28307.1000
MinimumVisualStudioVersion = 10.0.40219.1
Project("{E24C65DC-7377-472B-9ABA-BC803B73C61A}") = "iit_wt_bootstrap_personal_site", "iit_wt_bootstrap_personal_site\", "{FDE2DA9D-CDF7-47F3-8FB8-238952F76244}"
	ProjectSection(WebsiteProperties) = preProject
		TargetFrameworkMoniker = ".NETFramework,Version%3Dv4.6.1"
		Debug.AspNetCompiler.VirtualPath = "/localhost_49973"
		Debug.AspNetCompiler.PhysicalPath = "iit_wt_bootstrap_personal_site\"
		Debug.AspNetCompiler.TargetPath = "PrecompiledWeb\localhost_49973\"
		Debug.AspNetCompiler.Updateable = "true"
		Debug.AspNetCompiler.ForceOverwrite = "true"
		Debug.AspNetCompiler.FixedNames = "false"
		Debug.AspNetCompiler.Debug = "True"
		Release.AspNetCompiler.VirtualPath = "/localhost_49973"
		Release.AspNetCompiler.PhysicalPath = "iit_wt_bootstrap_personal_site\"
		Release.AspNetCompiler.TargetPath = "PrecompiledWeb\localhost_49973\"
		Release.AspNetCompiler.Updateable = "true"
		Release.AspNetCompiler.ForceOverwrite = "true"
		Release.AspNetCompiler.FixedNames = "false"
		Release.AspNetCompiler.Debug = "False"
		VWDPort = "49973"
		SlnRelativePath = "iit_wt_bootstrap_personal_site\"
		DefaultWebSiteLanguage = "Visual C#"
	EndProjectSection
EndProject
Global
	GlobalSection(SolutionConfigurationPlatforms) = preSolution
		Debug|Any CPU = Debug|Any CPU
	EndGlobalSection
	GlobalSection(ProjectConfigurationPlatforms) = postSolution
		{FDE2DA9D-CDF7-47F3-8FB8-238952F76244}.Debug|Any CPU.ActiveCfg = Debug|Any CPU
		{FDE2DA9D-CDF7-47F3-8FB8-238952F76244}.Debug|Any CPU.Build.0 = Debug|Any CPU
	EndGlobalSection
	GlobalSection(SolutionProperties) = preSolution
		HideSolutionNode = FALSE
	EndGlobalSection
	GlobalSection(ExtensibilityGlobals) = postSolution
		SolutionGuid = {DA62CDD6-35FE-44E3-8CD1-75C401941D44}
	EndGlobalSection
EndGlobal
